// !$*UTF8*$!
{
	archiveVersion = 1;
	classes = {
	};
	objectVersion = 56;
	objects = {

/* Begin PBXBuildFile section */
		D88CFC532A02550B009A09C3 /* Kingfisher in Frameworks */ = {isa = PBXBuildFile; productRef = D88CFC522A02550B009A09C3 /* Kingfisher */; };
		D88CFC572A028D2C009A09C3 /* GalleryView.swift in Sources */ = {isa = PBXBuildFile; fileRef = D88CFC562A028D2C009A09C3 /* GalleryView.swift */; };
		D88CFC592A028D37009A09C3 /* GalleryViewModel.swift in Sources */ = {isa = PBXBuildFile; fileRef = D88CFC582A028D37009A09C3 /* GalleryViewModel.swift */; };
		D88CFC5B2A029107009A09C3 /* Sheet+GalleryView.swift in Sources */ = {isa = PBXBuildFile; fileRef = D88CFC5A2A029107009A09C3 /* Sheet+GalleryView.swift */; };
		D8E113662A01570600086EA3 /* DogAPIAppApp.swift in Sources */ = {isa = PBXBuildFile; fileRef = D8E113652A01570600086EA3 /* DogAPIAppApp.swift */; };
		D8E113682A01570600086EA3 /* MainView.swift in Sources */ = {isa = PBXBuildFile; fileRef = D8E113672A01570600086EA3 /* MainView.swift */; };
		D8E1136A2A01570700086EA3 /* Assets.xcassets in Resources */ = {isa = PBXBuildFile; fileRef = D8E113692A01570700086EA3 /* Assets.xcassets */; };
		D8E1136E2A01570700086EA3 /* Preview Assets.xcassets in Resources */ = {isa = PBXBuildFile; fileRef = D8E1136D2A01570700086EA3 /* Preview Assets.xcassets */; };
		D8E113782A01570700086EA3 /* DogAPIAppTests.swift in Sources */ = {isa = PBXBuildFile; fileRef = D8E113772A01570700086EA3 /* DogAPIAppTests.swift */; };
		D8E113822A01570700086EA3 /* DogAPIAppUITests.swift in Sources */ = {isa = PBXBuildFile; fileRef = D8E113812A01570700086EA3 /* DogAPIAppUITests.swift */; };
		D8E113842A01570700086EA3 /* DogAPIAppUITestsLaunchTests.swift in Sources */ = {isa = PBXBuildFile; fileRef = D8E113832A01570700086EA3 /* DogAPIAppUITestsLaunchTests.swift */; };
		D8E113922A01579C00086EA3 /* DogAPIPackage in Frameworks */ = {isa = PBXBuildFile; productRef = D8E113912A01579C00086EA3 /* DogAPIPackage */; };
		D8E113952A01719400086EA3 /* MainViewModel.swift in Sources */ = {isa = PBXBuildFile; fileRef = D8E113942A01719400086EA3 /* MainViewModel.swift */; };
		D8E113982A0171D600086EA3 /* DogsRepository.swift in Sources */ = {isa = PBXBuildFile; fileRef = D8E113972A0171D600086EA3 /* DogsRepository.swift */; };
		D8E1139B2A01724100086EA3 /* Result.swift in Sources */ = {isa = PBXBuildFile; fileRef = D8E1139A2A01724100086EA3 /* Result.swift */; };
/* End PBXBuildFile section */

/* Begin PBXContainerItemProxy section */
		D8E113742A01570700086EA3 /* PBXContainerItemProxy */ = {
			isa = PBXContainerItemProxy;
			containerPortal = D8E1135A2A01570600086EA3 /* Project object */;
			proxyType = 1;
			remoteGlobalIDString = D8E113612A01570600086EA3;
			remoteInfo = DogAPIApp;
		};
		D8E1137E2A01570700086EA3 /* PBXContainerItemProxy */ = {
			isa = PBXContainerItemProxy;
			containerPortal = D8E1135A2A01570600086EA3 /* Project object */;
			proxyType = 1;
			remoteGlobalIDString = D8E113612A01570600086EA3;
			remoteInfo = DogAPIApp;
		};
/* End PBXContainerItemProxy section */

/* Begin PBXFileReference section */
		D88CFC562A028D2C009A09C3 /* GalleryView.swift */ = {isa = PBXFileReference; lastKnownFileType = sourcecode.swift; path = GalleryView.swift; sourceTree = "<group>"; };
		D88CFC582A028D37009A09C3 /* GalleryViewModel.swift */ = {isa = PBXFileReference; lastKnownFileType = sourcecode.swift; path = GalleryViewModel.swift; sourceTree = "<group>"; };
		D88CFC5A2A029107009A09C3 /* Sheet+GalleryView.swift */ = {isa = PBXFileReference; lastKnownFileType = sourcecode.swift; path = "Sheet+GalleryView.swift"; sourceTree = "<group>"; };
		D8E113622A01570600086EA3 /* DogAPIApp.app */ = {isa = PBXFileReference; explicitFileType = wrapper.application; includeInIndex = 0; path = DogAPIApp.app; sourceTree = BUILT_PRODUCTS_DIR; };
		D8E113652A01570600086EA3 /* DogAPIAppApp.swift */ = {isa = PBXFileReference; lastKnownFileType = sourcecode.swift; path = DogAPIAppApp.swift; sourceTree = "<group>"; };
		D8E113672A01570600086EA3 /* MainView.swift */ = {isa = PBXFileReference; lastKnownFileType = sourcecode.swift; path = MainView.swift; sourceTree = "<group>"; };
		D8E113692A01570700086EA3 /* Assets.xcassets */ = {isa = PBXFileReference; lastKnownFileType = folder.assetcatalog; path = Assets.xcassets; sourceTree = "<group>"; };
		D8E1136B2A01570700086EA3 /* DogAPIApp.entitlements */ = {isa = PBXFileReference; lastKnownFileType = text.plist.entitlements; path = DogAPIApp.entitlements; sourceTree = "<group>"; };
		D8E1136D2A01570700086EA3 /* Preview Assets.xcassets */ = {isa = PBXFileReference; lastKnownFileType = folder.assetcatalog; path = "Preview Assets.xcassets"; sourceTree = "<group>"; };
		D8E113732A01570700086EA3 /* DogAPIAppTests.xctest */ = {isa = PBXFileReference; explicitFileType = wrapper.cfbundle; includeInIndex = 0; path = DogAPIAppTests.xctest; sourceTree = BUILT_PRODUCTS_DIR; };
		D8E113772A01570700086EA3 /* DogAPIAppTests.swift */ = {isa = PBXFileReference; lastKnownFileType = sourcecode.swift; path = DogAPIAppTests.swift; sourceTree = "<group>"; };
		D8E1137D2A01570700086EA3 /* DogAPIAppUITests.xctest */ = {isa = PBXFileReference; explicitFileType = wrapper.cfbundle; includeInIndex = 0; path = DogAPIAppUITests.xctest; sourceTree = BUILT_PRODUCTS_DIR; };
		D8E113812A01570700086EA3 /* DogAPIAppUITests.swift */ = {isa = PBXFileReference; lastKnownFileType = sourcecode.swift; path = DogAPIAppUITests.swift; sourceTree = "<group>"; };
		D8E113832A01570700086EA3 /* DogAPIAppUITestsLaunchTests.swift */ = {isa = PBXFileReference; lastKnownFileType = sourcecode.swift; path = DogAPIAppUITestsLaunchTests.swift; sourceTree = "<group>"; };
		D8E113942A01719400086EA3 /* MainViewModel.swift */ = {isa = PBXFileReference; lastKnownFileType = sourcecode.swift; path = MainViewModel.swift; sourceTree = "<group>"; };
		D8E113972A0171D600086EA3 /* DogsRepository.swift */ = {isa = PBXFileReference; lastKnownFileType = sourcecode.swift; path = DogsRepository.swift; sourceTree = "<group>"; };
		D8E1139A2A01724100086EA3 /* Result.swift */ = {isa = PBXFileReference; lastKnownFileType = sourcecode.swift; path = Result.swift; sourceTree = "<group>"; };
/* End PBXFileReference section */

/* Begin PBXFrameworksBuildPhase section */
		D8E1135F2A01570600086EA3 /* Frameworks */ = {
			isa = PBXFrameworksBuildPhase;
			buildActionMask = 2147483647;
			files = (
				D88CFC532A02550B009A09C3 /* Kingfisher in Frameworks */,
				D8E113922A01579C00086EA3 /* DogAPIPackage in Frameworks */,
			);
			runOnlyForDeploymentPostprocessing = 0;
		};
		D8E113702A01570700086EA3 /* Frameworks */ = {
			isa = PBXFrameworksBuildPhase;
			buildActionMask = 2147483647;
			files = (
			);
			runOnlyForDeploymentPostprocessing = 0;
		};
		D8E1137A2A01570700086EA3 /* Frameworks */ = {
			isa = PBXFrameworksBuildPhase;
			buildActionMask = 2147483647;
			files = (
			);
			runOnlyForDeploymentPostprocessing = 0;
		};
/* End PBXFrameworksBuildPhase section */

/* Begin PBXGroup section */
		D88CFC542A028D11009A09C3 /* Views */ = {
			isa = PBXGroup;
			children = (
				D88CFC552A028D18009A09C3 /* Gallery */,
				D8E113932A01716400086EA3 /* MainView */,
			);
			path = Views;
			sourceTree = "<group>";
		};
		D88CFC552A028D18009A09C3 /* Gallery */ = {
			isa = PBXGroup;
			children = (
				D88CFC562A028D2C009A09C3 /* GalleryView.swift */,
				D88CFC582A028D37009A09C3 /* GalleryViewModel.swift */,
				D88CFC5A2A029107009A09C3 /* Sheet+GalleryView.swift */,
			);
			path = Gallery;
			sourceTree = "<group>";
		};
		D8E113592A01570600086EA3 = {
			isa = PBXGroup;
			children = (
				D8E113642A01570600086EA3 /* DogAPIApp */,
				D8E113762A01570700086EA3 /* DogAPIAppTests */,
				D8E113802A01570700086EA3 /* DogAPIAppUITests */,
				D8E113632A01570600086EA3 /* Products */,
			);
			sourceTree = "<group>";
		};
		D8E113632A01570600086EA3 /* Products */ = {
			isa = PBXGroup;
			children = (
				D8E113622A01570600086EA3 /* DogAPIApp.app */,
				D8E113732A01570700086EA3 /* DogAPIAppTests.xctest */,
				D8E1137D2A01570700086EA3 /* DogAPIAppUITests.xctest */,
			);
			name = Products;
			sourceTree = "<group>";
		};
		D8E113642A01570600086EA3 /* DogAPIApp */ = {
			isa = PBXGroup;
			children = (
				D88CFC542A028D11009A09C3 /* Views */,
				D8E113992A01723700086EA3 /* Result */,
				D8E113962A0171C200086EA3 /* Repositories */,
				D8E113652A01570600086EA3 /* DogAPIAppApp.swift */,
				D8E113692A01570700086EA3 /* Assets.xcassets */,
				D8E1136B2A01570700086EA3 /* DogAPIApp.entitlements */,
				D8E1136C2A01570700086EA3 /* Preview Content */,
			);
			path = DogAPIApp;
			sourceTree = "<group>";
		};
		D8E1136C2A01570700086EA3 /* Preview Content */ = {
			isa = PBXGroup;
			children = (
				D8E1136D2A01570700086EA3 /* Preview Assets.xcassets */,
			);
			path = "Preview Content";
			sourceTree = "<group>";
		};
		D8E113762A01570700086EA3 /* DogAPIAppTests */ = {
			isa = PBXGroup;
			children = (
				D8E113772A01570700086EA3 /* DogAPIAppTests.swift */,
			);
			path = DogAPIAppTests;
			sourceTree = "<group>";
		};
		D8E113802A01570700086EA3 /* DogAPIAppUITests */ = {
			isa = PBXGroup;
			children = (
				D8E113812A01570700086EA3 /* DogAPIAppUITests.swift */,
				D8E113832A01570700086EA3 /* DogAPIAppUITestsLaunchTests.swift */,
			);
			path = DogAPIAppUITests;
			sourceTree = "<group>";
		};
		D8E113932A01716400086EA3 /* MainView */ = {
			isa = PBXGroup;
			children = (
				D8E113672A01570600086EA3 /* MainView.swift */,
				D8E113942A01719400086EA3 /* MainViewModel.swift */,
			);
			path = MainView;
			sourceTree = "<group>";
		};
		D8E113962A0171C200086EA3 /* Repositories */ = {
			isa = PBXGroup;
			children = (
				D8E113972A0171D600086EA3 /* DogsRepository.swift */,
			);
			path = Repositories;
			sourceTree = "<group>";
		};
		D8E113992A01723700086EA3 /* Result */ = {
			isa = PBXGroup;
			children = (
				D8E1139A2A01724100086EA3 /* Result.swift */,
			);
			path = Result;
			sourceTree = "<group>";
		};
/* End PBXGroup section */

/* Begin PBXNativeTarget section */
		D8E113612A01570600086EA3 /* DogAPIApp */ = {
			isa = PBXNativeTarget;
			buildConfigurationList = D8E113872A01570700086EA3 /* Build configuration list for PBXNativeTarget "DogAPIApp" */;
			buildPhases = (
				D8E1135E2A01570600086EA3 /* Sources */,
				D8E1135F2A01570600086EA3 /* Frameworks */,
				D8E113602A01570600086EA3 /* Resources */,
			);
			buildRules = (
			);
			dependencies = (
			);
			name = DogAPIApp;
			packageProductDependencies = (
				D8E113912A01579C00086EA3 /* DogAPIPackage */,
				D88CFC522A02550B009A09C3 /* Kingfisher */,
			);
			productName = DogAPIApp;
			productReference = D8E113622A01570600086EA3 /* DogAPIApp.app */;
			productType = "com.apple.product-type.application";
		};
		D8E113722A01570700086EA3 /* DogAPIAppTests */ = {
			isa = PBXNativeTarget;
			buildConfigurationList = D8E1138A2A01570700086EA3 /* Build configuration list for PBXNativeTarget "DogAPIAppTests" */;
			buildPhases = (
				D8E1136F2A01570700086EA3 /* Sources */,
				D8E113702A01570700086EA3 /* Frameworks */,
				D8E113712A01570700086EA3 /* Resources */,
			);
			buildRules = (
			);
			dependencies = (
				D8E113752A01570700086EA3 /* PBXTargetDependency */,
			);
			name = DogAPIAppTests;
			productName = DogAPIAppTests;
			productReference = D8E113732A01570700086EA3 /* DogAPIAppTests.xctest */;
			productType = "com.apple.product-type.bundle.unit-test";
		};
		D8E1137C2A01570700086EA3 /* DogAPIAppUITests */ = {
			isa = PBXNativeTarget;
			buildConfigurationList = D8E1138D2A01570700086EA3 /* Build configuration list for PBXNativeTarget "DogAPIAppUITests" */;
			buildPhases = (
				D8E113792A01570700086EA3 /* Sources */,
				D8E1137A2A01570700086EA3 /* Frameworks */,
				D8E1137B2A01570700086EA3 /* Resources */,
			);
			buildRules = (
			);
			dependencies = (
				D8E1137F2A01570700086EA3 /* PBXTargetDependency */,
			);
			name = DogAPIAppUITests;
			productName = DogAPIAppUITests;
			productReference = D8E1137D2A01570700086EA3 /* DogAPIAppUITests.xctest */;
			productType = "com.apple.product-type.bundle.ui-testing";
		};
/* End PBXNativeTarget section */

/* Begin PBXProject section */
		D8E1135A2A01570600086EA3 /* Project object */ = {
			isa = PBXProject;
			attributes = {
				BuildIndependentTargetsInParallel = 1;
				LastSwiftUpdateCheck = 1420;
				LastUpgradeCheck = 1420;
				TargetAttributes = {
					D8E113612A01570600086EA3 = {
						CreatedOnToolsVersion = 14.2;
					};
					D8E113722A01570700086EA3 = {
						CreatedOnToolsVersion = 14.2;
						TestTargetID = D8E113612A01570600086EA3;
					};
					D8E1137C2A01570700086EA3 = {
						CreatedOnToolsVersion = 14.2;
						TestTargetID = D8E113612A01570600086EA3;
					};
				};
			};
			buildConfigurationList = D8E1135D2A01570600086EA3 /* Build configuration list for PBXProject "DogAPIApp" */;
			compatibilityVersion = "Xcode 14.0";
			developmentRegion = en;
			hasScannedForEncodings = 0;
			knownRegions = (
				en,
				Base,
			);
			mainGroup = D8E113592A01570600086EA3;
			packageReferences = (
				D8E113902A01579C00086EA3 /* XCRemoteSwiftPackageReference "DogAPIPackage" */,
				D88CFC512A02550B009A09C3 /* XCRemoteSwiftPackageReference "Kingfisher" */,
			);
			productRefGroup = D8E113632A01570600086EA3 /* Products */;
			projectDirPath = "";
			projectRoot = "";
			targets = (
				D8E113612A01570600086EA3 /* DogAPIApp */,
				D8E113722A01570700086EA3 /* DogAPIAppTests */,
				D8E1137C2A01570700086EA3 /* DogAPIAppUITests */,
			);
		};
/* End PBXProject section */

/* Begin PBXResourcesBuildPhase section */
		D8E113602A01570600086EA3 /* Resources */ = {
			isa = PBXResourcesBuildPhase;
			buildActionMask = 2147483647;
			files = (
				D8E1136E2A01570700086EA3 /* Preview Assets.xcassets in Resources */,
				D8E1136A2A01570700086EA3 /* Assets.xcassets in Resources */,
			);
			runOnlyForDeploymentPostprocessing = 0;
		};
		D8E113712A01570700086EA3 /* Resources */ = {
			isa = PBXResourcesBuildPhase;
			buildActionMask = 2147483647;
			files = (
			);
			runOnlyForDeploymentPostprocessing = 0;
		};
		D8E1137B2A01570700086EA3 /* Resources */ = {
			isa = PBXResourcesBuildPhase;
			buildActionMask = 2147483647;
			files = (
			);
			runOnlyForDeploymentPostprocessing = 0;
		};
/* End PBXResourcesBuildPhase section */

/* Begin PBXSourcesBuildPhase section */
		D8E1135E2A01570600086EA3 /* Sources */ = {
			isa = PBXSourcesBuildPhase;
			buildActionMask = 2147483647;
			files = (
				D8E113682A01570600086EA3 /* MainView.swift in Sources */,
				D88CFC5B2A029107009A09C3 /* Sheet+GalleryView.swift in Sources */,
				D88CFC572A028D2C009A09C3 /* GalleryView.swift in Sources */,
				D8E1139B2A01724100086EA3 /* Result.swift in Sources */,
				D8E113662A01570600086EA3 /* DogAPIAppApp.swift in Sources */,
				D8E113982A0171D600086EA3 /* DogsRepository.swift in Sources */,
				D88CFC592A028D37009A09C3 /* GalleryViewModel.swift in Sources */,
				D8E113952A01719400086EA3 /* MainViewModel.swift in Sources */,
			);
			runOnlyForDeploymentPostprocessing = 0;
		};
		D8E1136F2A01570700086EA3 /* Sources */ = {
			isa = PBXSourcesBuildPhase;
			buildActionMask = 2147483647;
			files = (
				D8E113782A01570700086EA3 /* DogAPIAppTests.swift in Sources */,
			);
			runOnlyForDeploymentPostprocessing = 0;
		};
		D8E113792A01570700086EA3 /* Sources */ = {
			isa = PBXSourcesBuildPhase;
			buildActionMask = 2147483647;
			files = (
				D8E113842A01570700086EA3 /* DogAPIAppUITestsLaunchTests.swift in Sources */,
				D8E113822A01570700086EA3 /* DogAPIAppUITests.swift in Sources */,
			);
			runOnlyForDeploymentPostprocessing = 0;
		};
/* End PBXSourcesBuildPhase section */

/* Begin PBXTargetDependency section */
		D8E113752A01570700086EA3 /* PBXTargetDependency */ = {
			isa = PBXTargetDependency;
			target = D8E113612A01570600086EA3 /* DogAPIApp */;
			targetProxy = D8E113742A01570700086EA3 /* PBXContainerItemProxy */;
		};
		D8E1137F2A01570700086EA3 /* PBXTargetDependency */ = {
			isa = PBXTargetDependency;
			target = D8E113612A01570600086EA3 /* DogAPIApp */;
			targetProxy = D8E1137E2A01570700086EA3 /* PBXContainerItemProxy */;
		};
/* End PBXTargetDependency section */

/* Begin XCBuildConfiguration section */
		D8E113852A01570700086EA3 /* Debug */ = {
			isa = XCBuildConfiguration;
			buildSettings = {
				ALWAYS_SEARCH_USER_PATHS = NO;
				CLANG_ANALYZER_NONNULL = YES;
				CLANG_ANALYZER_NUMBER_OBJECT_CONVERSION = YES_AGGRESSIVE;
				CLANG_CXX_LANGUAGE_STANDARD = "gnu++20";
				CLANG_ENABLE_MODULES = YES;
				CLANG_ENABLE_OBJC_ARC = YES;
				CLANG_ENABLE_OBJC_WEAK = YES;
				CLANG_WARN_BLOCK_CAPTURE_AUTORELEASING = YES;
				CLANG_WARN_BOOL_CONVERSION = YES;
				CLANG_WARN_COMMA = YES;
				CLANG_WARN_CONSTANT_CONVERSION = YES;
				CLANG_WARN_DEPRECATED_OBJC_IMPLEMENTATIONS = YES;
				CLANG_WARN_DIRECT_OBJC_ISA_USAGE = YES_ERROR;
				CLANG_WARN_DOCUMENTATION_COMMENTS = YES;
				CLANG_WARN_EMPTY_BODY = YES;
				CLANG_WARN_ENUM_CONVERSION = YES;
				CLANG_WARN_INFINITE_RECURSION = YES;
				CLANG_WARN_INT_CONVERSION = YES;
				CLANG_WARN_NON_LITERAL_NULL_CONVERSION = YES;
				CLANG_WARN_OBJC_IMPLICIT_RETAIN_SELF = YES;
				CLANG_WARN_OBJC_LITERAL_CONVERSION = YES;
				CLANG_WARN_OBJC_ROOT_CLASS = YES_ERROR;
				CLANG_WARN_QUOTED_INCLUDE_IN_FRAMEWORK_HEADER = YES;
				CLANG_WARN_RANGE_LOOP_ANALYSIS = YES;
				CLANG_WARN_STRICT_PROTOTYPES = YES;
				CLANG_WARN_SUSPICIOUS_MOVE = YES;
				CLANG_WARN_UNGUARDED_AVAILABILITY = YES_AGGRESSIVE;
				CLANG_WARN_UNREACHABLE_CODE = YES;
				CLANG_WARN__DUPLICATE_METHOD_MATCH = YES;
				COPY_PHASE_STRIP = NO;
				DEBUG_INFORMATION_FORMAT = dwarf;
				ENABLE_STRICT_OBJC_MSGSEND = YES;
				ENABLE_TESTABILITY = YES;
				GCC_C_LANGUAGE_STANDARD = gnu11;
				GCC_DYNAMIC_NO_PIC = NO;
				GCC_NO_COMMON_BLOCKS = YES;
				GCC_OPTIMIZATION_LEVEL = 0;
				GCC_PREPROCESSOR_DEFINITIONS = (
					"DEBUG=1",
					"$(inherited)",
				);
				GCC_WARN_64_TO_32_BIT_CONVERSION = YES;
				GCC_WARN_ABOUT_RETURN_TYPE = YES_ERROR;
				GCC_WARN_UNDECLARED_SELECTOR = YES;
				GCC_WARN_UNINITIALIZED_AUTOS = YES_AGGRESSIVE;
				GCC_WARN_UNUSED_FUNCTION = YES;
				GCC_WARN_UNUSED_VARIABLE = YES;
				IPHONEOS_DEPLOYMENT_TARGET = 16.2;
				MTL_ENABLE_DEBUG_INFO = INCLUDE_SOURCE;
				MTL_FAST_MATH = YES;
				ONLY_ACTIVE_ARCH = YES;
				SWIFT_ACTIVE_COMPILATION_CONDITIONS = DEBUG;
				SWIFT_OPTIMIZATION_LEVEL = "-Onone";
			};
			name = Debug;
		};
		D8E113862A01570700086EA3 /* Release */ = {
			isa = XCBuildConfiguration;
			buildSettings = {
				ALWAYS_SEARCH_USER_PATHS = NO;
				CLANG_ANALYZER_NONNULL = YES;
				CLANG_ANALYZER_NUMBER_OBJECT_CONVERSION = YES_AGGRESSIVE;
				CLANG_CXX_LANGUAGE_STANDARD = "gnu++20";
				CLANG_ENABLE_MODULES = YES;
				CLANG_ENABLE_OBJC_ARC = YES;
				CLANG_ENABLE_OBJC_WEAK = YES;
				CLANG_WARN_BLOCK_CAPTURE_AUTORELEASING = YES;
				CLANG_WARN_BOOL_CONVERSION = YES;
				CLANG_WARN_COMMA = YES;
				CLANG_WARN_CONSTANT_CONVERSION = YES;
				CLANG_WARN_DEPRECATED_OBJC_IMPLEMENTATIONS = YES;
				CLANG_WARN_DIRECT_OBJC_ISA_USAGE = YES_ERROR;
				CLANG_WARN_DOCUMENTATION_COMMENTS = YES;
				CLANG_WARN_EMPTY_BODY = YES;
				CLANG_WARN_ENUM_CONVERSION = YES;
				CLANG_WARN_INFINITE_RECURSION = YES;
				CLANG_WARN_INT_CONVERSION = YES;
				CLANG_WARN_NON_LITERAL_NULL_CONVERSION = YES;
				CLANG_WARN_OBJC_IMPLICIT_RETAIN_SELF = YES;
				CLANG_WARN_OBJC_LITERAL_CONVERSION = YES;
				CLANG_WARN_OBJC_ROOT_CLASS = YES_ERROR;
				CLANG_WARN_QUOTED_INCLUDE_IN_FRAMEWORK_HEADER = YES;
				CLANG_WARN_RANGE_LOOP_ANALYSIS = YES;
				CLANG_WARN_STRICT_PROTOTYPES = YES;
				CLANG_WARN_SUSPICIOUS_MOVE = YES;
				CLANG_WARN_UNGUARDED_AVAILABILITY = YES_AGGRESSIVE;
				CLANG_WARN_UNREACHABLE_CODE = YES;
				CLANG_WARN__DUPLICATE_METHOD_MATCH = YES;
				COPY_PHASE_STRIP = NO;
				DEBUG_INFORMATION_FORMAT = "dwarf-with-dsym";
				ENABLE_NS_ASSERTIONS = NO;
				ENABLE_STRICT_OBJC_MSGSEND = YES;
				GCC_C_LANGUAGE_STANDARD = gnu11;
				GCC_NO_COMMON_BLOCKS = YES;
				GCC_WARN_64_TO_32_BIT_CONVERSION = YES;
				GCC_WARN_ABOUT_RETURN_TYPE = YES_ERROR;
				GCC_WARN_UNDECLARED_SELECTOR = YES;
				GCC_WARN_UNINITIALIZED_AUTOS = YES_AGGRESSIVE;
				GCC_WARN_UNUSED_FUNCTION = YES;
				GCC_WARN_UNUSED_VARIABLE = YES;
				IPHONEOS_DEPLOYMENT_TARGET = 16.2;
				MTL_ENABLE_DEBUG_INFO = NO;
				MTL_FAST_MATH = YES;
				SWIFT_COMPILATION_MODE = wholemodule;
				SWIFT_OPTIMIZATION_LEVEL = "-O";
			};
			name = Release;
		};
		D8E113882A01570700086EA3 /* Debug */ = {
			isa = XCBuildConfiguration;
			buildSettings = {
				ASSETCATALOG_COMPILER_APPICON_NAME = AppIcon;
				ASSETCATALOG_COMPILER_GLOBAL_ACCENT_COLOR_NAME = AccentColor;
				CODE_SIGN_ENTITLEMENTS = DogAPIApp/DogAPIApp.entitlements;
				CODE_SIGN_STYLE = Automatic;
				CURRENT_PROJECT_VERSION = 1;
				DEVELOPMENT_ASSET_PATHS = "\"DogAPIApp/Preview Content\"";
				DEVELOPMENT_TEAM = 3PW59QH5QD;
				ENABLE_HARDENED_RUNTIME = YES;
				ENABLE_PREVIEWS = YES;
				GENERATE_INFOPLIST_FILE = YES;
				"INFOPLIST_KEY_UIApplicationSceneManifest_Generation[sdk=iphoneos*]" = YES;
				"INFOPLIST_KEY_UIApplicationSceneManifest_Generation[sdk=iphonesimulator*]" = YES;
				"INFOPLIST_KEY_UIApplicationSupportsIndirectInputEvents[sdk=iphoneos*]" = YES;
				"INFOPLIST_KEY_UIApplicationSupportsIndirectInputEvents[sdk=iphonesimulator*]" = YES;
				"INFOPLIST_KEY_UILaunchScreen_Generation[sdk=iphoneos*]" = YES;
				"INFOPLIST_KEY_UILaunchScreen_Generation[sdk=iphonesimulator*]" = YES;
				"INFOPLIST_KEY_UIStatusBarStyle[sdk=iphoneos*]" = UIStatusBarStyleDefault;
				"INFOPLIST_KEY_UIStatusBarStyle[sdk=iphonesimulator*]" = UIStatusBarStyleDefault;
				INFOPLIST_KEY_UISupportedInterfaceOrientations_iPad = "UIInterfaceOrientationPortrait UIInterfaceOrientationPortraitUpsideDown UIInterfaceOrientationLandscapeLeft UIInterfaceOrientationLandscapeRight";
				INFOPLIST_KEY_UISupportedInterfaceOrientations_iPhone = "UIInterfaceOrientationPortrait UIInterfaceOrientationLandscapeLeft UIInterfaceOrientationLandscapeRight";
				IPHONEOS_DEPLOYMENT_TARGET = 16.2;
				LD_RUNPATH_SEARCH_PATHS = "@executable_path/Frameworks";
				"LD_RUNPATH_SEARCH_PATHS[sdk=macosx*]" = "@executable_path/../Frameworks";
				MACOSX_DEPLOYMENT_TARGET = 13.1;
				MARKETING_VERSION = 1.0;
				PRODUCT_BUNDLE_IDENTIFIER = com.martindimitrov.DogAPIApp;
				PRODUCT_NAME = "$(TARGET_NAME)";
				SDKROOT = auto;
				SUPPORTED_PLATFORMS = "iphoneos iphonesimulator";
				SUPPORTS_MACCATALYST = NO;
				SUPPORTS_MAC_DESIGNED_FOR_IPHONE_IPAD = NO;
				SWIFT_EMIT_LOC_STRINGS = YES;
				SWIFT_VERSION = 5.0;
				TARGETED_DEVICE_FAMILY = 1;
			};
			name = Debug;
		};
		D8E113892A01570700086EA3 /* Release */ = {
			isa = XCBuildConfiguration;
			buildSettings = {
				ASSETCATALOG_COMPILER_APPICON_NAME = AppIcon;
				ASSETCATALOG_COMPILER_GLOBAL_ACCENT_COLOR_NAME = AccentColor;
				CODE_SIGN_ENTITLEMENTS = DogAPIApp/DogAPIApp.entitlements;
				CODE_SIGN_STYLE = Automatic;
				CURRENT_PROJECT_VERSION = 1;
				DEVELOPMENT_ASSET_PATHS = "\"DogAPIApp/Preview Content\"";
				DEVELOPMENT_TEAM = 3PW59QH5QD;
				ENABLE_HARDENED_RUNTIME = YES;
				ENABLE_PREVIEWS = YES;
				GENERATE_INFOPLIST_FILE = YES;
				"INFOPLIST_KEY_UIApplicationSceneManifest_Generation[sdk=iphoneos*]" = YES;
				"INFOPLIST_KEY_UIApplicationSceneManifest_Generation[sdk=iphonesimulator*]" = YES;
				"INFOPLIST_KEY_UIApplicationSupportsIndirectInputEvents[sdk=iphoneos*]" = YES;
				"INFOPLIST_KEY_UIApplicationSupportsIndirectInputEvents[sdk=iphonesimulator*]" = YES;
				"INFOPLIST_KEY_UILaunchScreen_Generation[sdk=iphoneos*]" = YES;
				"INFOPLIST_KEY_UILaunchScreen_Generation[sdk=iphonesimulator*]" = YES;
				"INFOPLIST_KEY_UIStatusBarStyle[sdk=iphoneos*]" = UIStatusBarStyleDefault;
				"INFOPLIST_KEY_UIStatusBarStyle[sdk=iphonesimulator*]" = UIStatusBarStyleDefault;
				INFOPLIST_KEY_UISupportedInterfaceOrientations_iPad = "UIInterfaceOrientationPortrait UIInterfaceOrientationPortraitUpsideDown UIInterfaceOrientationLandscapeLeft UIInterfaceOrientationLandscapeRight";
				INFOPLIST_KEY_UISupportedInterfaceOrientations_iPhone = "UIInterfaceOrientationPortrait UIInterfaceOrientationLandscapeLeft UIInterfaceOrientationLandscapeRight";
				IPHONEOS_DEPLOYMENT_TARGET = 16.2;
				LD_RUNPATH_SEARCH_PATHS = "@executable_path/Frameworks";
				"LD_RUNPATH_SEARCH_PATHS[sdk=macosx*]" = "@executable_path/../Frameworks";
				MACOSX_DEPLOYMENT_TARGET = 13.1;
				MARKETING_VERSION = 1.0;
				PRODUCT_BUNDLE_IDENTIFIER = com.martindimitrov.DogAPIApp;
				PRODUCT_NAME = "$(TARGET_NAME)";
				SDKROOT = auto;
				SUPPORTED_PLATFORMS = "iphoneos iphonesimulator";
				SUPPORTS_MACCATALYST = NO;
				SUPPORTS_MAC_DESIGNED_FOR_IPHONE_IPAD = NO;
				SWIFT_EMIT_LOC_STRINGS = YES;
				SWIFT_VERSION = 5.0;
				TARGETED_DEVICE_FAMILY = 1;
			};
			name = Release;
		};
		D8E1138B2A01570700086EA3 /* Debug */ = {
			isa = XCBuildConfiguration;
			buildSettings = {
				ALWAYS_EMBED_SWIFT_STANDARD_LIBRARIES = YES;
				BUNDLE_LOADER = "$(TEST_HOST)";
				CODE_SIGN_STYLE = Automatic;
				CURRENT_PROJECT_VERSION = 1;
				DEVELOPMENT_TEAM = 3PW59QH5QD;
				GENERATE_INFOPLIST_FILE = YES;
				IPHONEOS_DEPLOYMENT_TARGET = 16.2;
				MACOSX_DEPLOYMENT_TARGET = 13.1;
				MARKETING_VERSION = 1.0;
				PRODUCT_BUNDLE_IDENTIFIER = com.martindimitrov.DogAPIAppTests;
				PRODUCT_NAME = "$(TARGET_NAME)";
				SDKROOT = auto;
				SUPPORTED_PLATFORMS = "iphoneos iphonesimulator macosx";
				SWIFT_EMIT_LOC_STRINGS = NO;
				SWIFT_VERSION = 5.0;
				TARGETED_DEVICE_FAMILY = "1,2";
				TEST_HOST = "$(BUILT_PRODUCTS_DIR)/DogAPIApp.app/$(BUNDLE_EXECUTABLE_FOLDER_PATH)/DogAPIApp";
			};
			name = Debug;
		};
		D8E1138C2A01570700086EA3 /* Release */ = {
			isa = XCBuildConfiguration;
			buildSettings = {
				ALWAYS_EMBED_SWIFT_STANDARD_LIBRARIES = YES;
				BUNDLE_LOADER = "$(TEST_HOST)";
				CODE_SIGN_STYLE = Automatic;
				CURRENT_PROJECT_VERSION = 1;
				DEVELOPMENT_TEAM = 3PW59QH5QD;
				GENERATE_INFOPLIST_FILE = YES;
				IPHONEOS_DEPLOYMENT_TARGET = 16.2;
				MACOSX_DEPLOYMENT_TARGET = 13.1;
				MARKETING_VERSION = 1.0;
				PRODUCT_BUNDLE_IDENTIFIER = com.martindimitrov.DogAPIAppTests;
				PRODUCT_NAME = "$(TARGET_NAME)";
				SDKROOT = auto;
				SUPPORTED_PLATFORMS = "iphoneos iphonesimulator macosx";
				SWIFT_EMIT_LOC_STRINGS = NO;
				SWIFT_VERSION = 5.0;
				TARGETED_DEVICE_FAMILY = "1,2";
				TEST_HOST = "$(BUILT_PRODUCTS_DIR)/DogAPIApp.app/$(BUNDLE_EXECUTABLE_FOLDER_PATH)/DogAPIApp";
			};
			name = Release;
		};
		D8E1138E2A01570700086EA3 /* Debug */ = {
			isa = XCBuildConfiguration;
			buildSettings = {
				ALWAYS_EMBED_SWIFT_STANDARD_LIBRARIES = YES;
				CODE_SIGN_STYLE = Automatic;
				CURRENT_PROJECT_VERSION = 1;
				DEVELOPMENT_TEAM = 3PW59QH5QD;
				GENERATE_INFOPLIST_FILE = YES;
				IPHONEOS_DEPLOYMENT_TARGET = 16.2;
				MACOSX_DEPLOYMENT_TARGET = 13.1;
				MARKETING_VERSION = 1.0;
				PRODUCT_BUNDLE_IDENTIFIER = com.martindimitrov.DogAPIAppUITests;
				PRODUCT_NAME = "$(TARGET_NAME)";
				SDKROOT = auto;
				SUPPORTED_PLATFORMS = "iphoneos iphonesimulator macosx";
				SWIFT_EMIT_LOC_STRINGS = NO;
				SWIFT_VERSION = 5.0;
				TARGETED_DEVICE_FAMILY = "1,2";
				TEST_TARGET_NAME = DogAPIApp;
			};
			name = Debug;
		};
		D8E1138F2A01570700086EA3 /* Release */ = {
			isa = XCBuildConfiguration;
			buildSettings = {
				ALWAYS_EMBED_SWIFT_STANDARD_LIBRARIES = YES;
				CODE_SIGN_STYLE = Automatic;
				CURRENT_PROJECT_VERSION = 1;
				DEVELOPMENT_TEAM = 3PW59QH5QD;
				GENERATE_INFOPLIST_FILE = YES;
				IPHONEOS_DEPLOYMENT_TARGET = 16.2;
				MACOSX_DEPLOYMENT_TARGET = 13.1;
				MARKETING_VERSION = 1.0;
				PRODUCT_BUNDLE_IDENTIFIER = com.martindimitrov.DogAPIAppUITests;
				PRODUCT_NAME = "$(TARGET_NAME)";
				SDKROOT = auto;
				SUPPORTED_PLATFORMS = "iphoneos iphonesimulator macosx";
				SWIFT_EMIT_LOC_STRINGS = NO;
				SWIFT_VERSION = 5.0;
				TARGETED_DEVICE_FAMILY = "1,2";
				TEST_TARGET_NAME = DogAPIApp;
			};
			name = Release;
		};
/* End XCBuildConfiguration section */

/* Begin XCConfigurationList section */
		D8E1135D2A01570600086EA3 /* Build configuration list for PBXProject "DogAPIApp" */ = {
			isa = XCConfigurationList;
			buildConfigurations = (
				D8E113852A01570700086EA3 /* Debug */,
				D8E113862A01570700086EA3 /* Release */,
			);
			defaultConfigurationIsVisible = 0;
			defaultConfigurationName = Release;
		};
		D8E113872A01570700086EA3 /* Build configuration list for PBXNativeTarget "DogAPIApp" */ = {
			isa = XCConfigurationList;
			buildConfigurations = (
				D8E113882A01570700086EA3 /* Debug */,
				D8E113892A01570700086EA3 /* Release */,
			);
			defaultConfigurationIsVisible = 0;
			defaultConfigurationName = Release;
		};
		D8E1138A2A01570700086EA3 /* Build configuration list for PBXNativeTarget "DogAPIAppTests" */ = {
			isa = XCConfigurationList;
			buildConfigurations = (
				D8E1138B2A01570700086EA3 /* Debug */,
				D8E1138C2A01570700086EA3 /* Release */,
			);
			defaultConfigurationIsVisible = 0;
			defaultConfigurationName = Release;
		};
		D8E1138D2A01570700086EA3 /* Build configuration list for PBXNativeTarget "DogAPIAppUITests" */ = {
			isa = XCConfigurationList;
			buildConfigurations = (
				D8E1138E2A01570700086EA3 /* Debug */,
				D8E1138F2A01570700086EA3 /* Release */,
			);
			defaultConfigurationIsVisible = 0;
			defaultConfigurationName = Release;
		};
/* End XCConfigurationList section */

/* Begin XCRemoteSwiftPackageReference section */
		D88CFC512A02550B009A09C3 /* XCRemoteSwiftPackageReference "Kingfisher" */ = {
			isa = XCRemoteSwiftPackageReference;
			repositoryURL = "https://github.com/onevcat/Kingfisher.git";
			requirement = {
				kind = exactVersion;
				version = 7.6.2;
			};
		};
		D8E113902A01579C00086EA3 /* XCRemoteSwiftPackageReference "DogAPIPackage" */ = {
			isa = XCRemoteSwiftPackageReference;
			repositoryURL = "https://github.com/Tearez/DogAPIPackage.git";
			requirement = {
				branch = main;
				kind = branch;
			};
		};
/* End XCRemoteSwiftPackageReference section */

/* Begin XCSwiftPackageProductDependency section */
		D88CFC522A02550B009A09C3 /* Kingfisher */ = {
			isa = XCSwiftPackageProductDependency;
			package = D88CFC512A02550B009A09C3 /* XCRemoteSwiftPackageReference "Kingfisher" */;
			productName = Kingfisher;
		};
		D8E113912A01579C00086EA3 /* DogAPIPackage */ = {
			isa = XCSwiftPackageProductDependency;
			package = D8E113902A01579C00086EA3 /* XCRemoteSwiftPackageReference "DogAPIPackage" */;
			productName = DogAPIPackage;
		};
/* End XCSwiftPackageProductDependency section */
	};
	rootObject = D8E1135A2A01570600086EA3 /* Project object */;
}
